
Microsoft Visual Studio Solution File, Format Version 12.00
# Visual Studio Version 17
VisualStudioVersion = 17.7.33808.371
MinimumVisualStudioVersion = 10.0.40219.1
Project("{FAE04EC0-301F-11D3-BF4B-00C04F79EFBC}") = "MauiShadowIssue", "MauiShadowIssue\MauiShadowIssue.csproj", "{B91B3272-03EF-42BA-96CB-A7DBF08CDFF0}"
EndProject
Global
	GlobalSection(SolutionConfigurationPlatforms) = preSolution
		Debug|Any CPU = Debug|Any CPU
		Release|Any CPU = Release|Any CPU
	EndGlobalSection
	GlobalSection(ProjectConfigurationPlatforms) = postSolution
		{B91B3272-03EF-42BA-96CB-A7DBF08CDFF0}.Debug|Any CPU.ActiveCfg = Debug|Any CPU
		{B91B3272-03EF-42BA-96CB-A7DBF08CDFF0}.Debug|Any CPU.Build.0 = Debug|Any CPU
		{B91B3272-03EF-42BA-96CB-A7DBF08CDFF0}.Debug|Any CPU.Deploy.0 = Debug|Any CPU
		{B91B3272-03EF-42BA-96CB-A7DBF08CDFF0}.Release|Any CPU.ActiveCfg = Release|Any CPU
		{B91B3272-03EF-42BA-96CB-A7DBF08CDFF0}.Release|Any CPU.Build.0 = Release|Any CPU
		{B91B3272-03EF-42BA-96CB-A7DBF08CDFF0}.Release|Any CPU.Deploy.0 = Release|Any CPU
	EndGlobalSection
	GlobalSection(SolutionProperties) = preSolution
		HideSolutionNode = FALSE
	EndGlobalSection
	GlobalSection(ExtensibilityGlobals) = postSolution
		SolutionGuid = {0935445A-54D2-4A15-8854-9CD7F1508007}
	EndGlobalSection
EndGlobal
